
Microsoft Visual Studio Solution File, Format Version 12.00
# Visual Studio Version 17
VisualStudioVersion = 17.5.33424.131
MinimumVisualStudioVersion = 10.0.40219.1
Project("{9A19103F-16F7-4668-BE54-9A1E7A4F7556}") = "BankSolution_Form", "BankSolution_Form\BankSolution_Form.csproj", "{1572663A-AAA0-4F55-8CF0-4C746A03BB02}"
EndProject
Project("{9A19103F-16F7-4668-BE54-9A1E7A4F7556}") = "BankSolution_Library", "BankSolution_Library\BankSolution_Library.csproj", "{15C7DE04-5287-488F-BE79-DDCAD47925F3}"
EndProject
Global
	GlobalSection(SolutionConfigurationPlatforms) = preSolution
		Debug|Any CPU = Debug|Any CPU
		Release|Any CPU = Release|Any CPU
	EndGlobalSection
	GlobalSection(ProjectConfigurationPlatforms) = postSolution
		{1572663A-AAA0-4F55-8CF0-4C746A03BB02}.Debug|Any CPU.ActiveCfg = Debug|Any CPU
		{1572663A-AAA0-4F55-8CF0-4C746A03BB02}.Debug|Any CPU.Build.0 = Debug|Any CPU
		{1572663A-AAA0-4F55-8CF0-4C746A03BB02}.Release|Any CPU.ActiveCfg = Release|Any CPU
		{1572663A-AAA0-4F55-8CF0-4C746A03BB02}.Release|Any CPU.Build.0 = Release|Any CPU
		{15C7DE04-5287-488F-BE79-DDCAD47925F3}.Debug|Any CPU.ActiveCfg = Debug|Any CPU
		{15C7DE04-5287-488F-BE79-DDCAD47925F3}.Debug|Any CPU.Build.0 = Debug|Any CPU
		{15C7DE04-5287-488F-BE79-DDCAD47925F3}.Release|Any CPU.ActiveCfg = Release|Any CPU
		{15C7DE04-5287-488F-BE79-DDCAD47925F3}.Release|Any CPU.Build.0 = Release|Any CPU
	EndGlobalSection
	GlobalSection(SolutionProperties) = preSolution
		HideSolutionNode = FALSE
	EndGlobalSection
	GlobalSection(ExtensibilityGlobals) = postSolution
		SolutionGuid = {CCE68348-E504-4A29-A6B0-D97B045838E1}
	EndGlobalSection
EndGlobal
